// !$*UTF8*$!
{
	archiveVersion = 1;
	classes = {
	};
	objectVersion = 50;
	objects = {

/* Begin PBXBuildFile section */
		777109A823C7E5C600E3A469 /* AppDelegate.swift in Sources */ = {isa = PBXBuildFile; fileRef = 777109A723C7E5C600E3A469 /* AppDelegate.swift */; };
		777109AA23C7E5C600E3A469 /* SceneDelegate.swift in Sources */ = {isa = PBXBuildFile; fileRef = 777109A923C7E5C600E3A469 /* SceneDelegate.swift */; };
		777109AC23C7E5C600E3A469 /* ContentView.swift in Sources */ = {isa = PBXBuildFile; fileRef = 777109AB23C7E5C600E3A469 /* ContentView.swift */; };
		777109AE23C7E5C700E3A469 /* Assets.xcassets in Resources */ = {isa = PBXBuildFile; fileRef = 777109AD23C7E5C700E3A469 /* Assets.xcassets */; };
		777109B123C7E5C700E3A469 /* Preview Assets.xcassets in Resources */ = {isa = PBXBuildFile; fileRef = 777109B023C7E5C700E3A469 /* Preview Assets.xcassets */; };
		777109B423C7E5C700E3A469 /* LaunchScreen.storyboard in Resources */ = {isa = PBXBuildFile; fileRef = 777109B223C7E5C700E3A469 /* LaunchScreen.storyboard */; };
		777109BC23C7E61B00E3A469 /* StopWatch.swift in Sources */ = {isa = PBXBuildFile; fileRef = 777109BB23C7E61B00E3A469 /* StopWatch.swift */; };
		777109C223C7ED6000E3A469 /* WatchView.swift in Sources */ = {isa = PBXBuildFile; fileRef = 777109C123C7ED6000E3A469 /* WatchView.swift */; };
		777109C423C7F08D00E3A469 /* AlarmView.swift in Sources */ = {isa = PBXBuildFile; fileRef = 777109C323C7F08D00E3A469 /* AlarmView.swift */; };
		777109CA23C85E7400E3A469 /* alarm.mp3 in Resources */ = {isa = PBXBuildFile; fileRef = 777109C923C85E7400E3A469 /* alarm.mp3 */; };
/* End PBXBuildFile section */

/* Begin PBXFileReference section */
		777109A423C7E5C600E3A469 /* MyStopWatch.app */ = {isa = PBXFileReference; explicitFileType = wrapper.application; includeInIndex = 0; path = MyStopWatch.app; sourceTree = BUILT_PRODUCTS_DIR; };
		777109A723C7E5C600E3A469 /* AppDelegate.swift */ = {isa = PBXFileReference; lastKnownFileType = sourcecode.swift; path = AppDelegate.swift; sourceTree = "<group>"; };
		777109A923C7E5C600E3A469 /* SceneDelegate.swift */ = {isa = PBXFileReference; lastKnownFileType = sourcecode.swift; path = SceneDelegate.swift; sourceTree = "<group>"; };
		777109AB23C7E5C600E3A469 /* ContentView.swift */ = {isa = PBXFileReference; lastKnownFileType = sourcecode.swift; path = ContentView.swift; sourceTree = "<group>"; };
		777109AD23C7E5C700E3A469 /* Assets.xcassets */ = {isa = PBXFileReference; lastKnownFileType = folder.assetcatalog; path = Assets.xcassets; sourceTree = "<group>"; };
		777109B023C7E5C700E3A469 /* Preview Assets.xcassets */ = {isa = PBXFileReference; lastKnownFileType = folder.assetcatalog; path = "Preview Assets.xcassets"; sourceTree = "<group>"; };
		777109B323C7E5C700E3A469 /* Base */ = {isa = PBXFileReference; lastKnownFileType = file.storyboard; name = Base; path = Base.lproj/LaunchScreen.storyboard; sourceTree = "<group>"; };
		777109B523C7E5C700E3A469 /* Info.plist */ = {isa = PBXFileReference; lastKnownFileType = text.plist.xml; path = Info.plist; sourceTree = "<group>"; };
		777109BB23C7E61B00E3A469 /* StopWatch.swift */ = {isa = PBXFileReference; lastKnownFileType = sourcecode.swift; path = StopWatch.swift; sourceTree = "<group>"; };
		777109C123C7ED6000E3A469 /* WatchView.swift */ = {isa = PBXFileReference; lastKnownFileType = sourcecode.swift; path = WatchView.swift; sourceTree = "<group>"; };
		777109C323C7F08D00E3A469 /* AlarmView.swift */ = {isa = PBXFileReference; lastKnownFileType = sourcecode.swift; path = AlarmView.swift; sourceTree = "<group>"; };
		777109C923C85E7400E3A469 /* alarm.mp3 */ = {isa = PBXFileReference; lastKnownFileType = audio.mp3; path = alarm.mp3; sourceTree = "<group>"; };
/* End PBXFileReference section */

/* Begin PBXFrameworksBuildPhase section */
		777109A123C7E5C600E3A469 /* Frameworks */ = {
			isa = PBXFrameworksBuildPhase;
			buildActionMask = 2147483647;
			files = (
			);
			runOnlyForDeploymentPostprocessing = 0;
		};
/* End PBXFrameworksBuildPhase section */

/* Begin PBXGroup section */
		7771099B23C7E5C600E3A469 = {
			isa = PBXGroup;
			children = (
				777109A623C7E5C600E3A469 /* MyStopWatch */,
				777109A523C7E5C600E3A469 /* Products */,
			);
			sourceTree = "<group>";
		};
		777109A523C7E5C600E3A469 /* Products */ = {
			isa = PBXGroup;
			children = (
				777109A423C7E5C600E3A469 /* MyStopWatch.app */,
			);
			name = Products;
			sourceTree = "<group>";
		};
		777109A623C7E5C600E3A469 /* MyStopWatch */ = {
			isa = PBXGroup;
			children = (
				777109A723C7E5C600E3A469 /* AppDelegate.swift */,
				777109A923C7E5C600E3A469 /* SceneDelegate.swift */,
				777109AB23C7E5C600E3A469 /* ContentView.swift */,
				777109C323C7F08D00E3A469 /* AlarmView.swift */,
				777109C123C7ED6000E3A469 /* WatchView.swift */,
				777109BB23C7E61B00E3A469 /* StopWatch.swift */,
				777109AD23C7E5C700E3A469 /* Assets.xcassets */,
				777109C923C85E7400E3A469 /* alarm.mp3 */,
				777109B223C7E5C700E3A469 /* LaunchScreen.storyboard */,
				777109B523C7E5C700E3A469 /* Info.plist */,
				777109AF23C7E5C700E3A469 /* Preview Content */,
			);
			path = MyStopWatch;
			sourceTree = "<group>";
		};
		777109AF23C7E5C700E3A469 /* Preview Content */ = {
			isa = PBXGroup;
			children = (
				777109B023C7E5C700E3A469 /* Preview Assets.xcassets */,
			);
			path = "Preview Content";
			sourceTree = "<group>";
		};
/* End PBXGroup section */

/* Begin PBXNativeTarget section */
		777109A323C7E5C600E3A469 /* MyStopWatch */ = {
			isa = PBXNativeTarget;
			buildConfigurationList = 777109B823C7E5C700E3A469 /* Build configuration list for PBXNativeTarget "MyStopWatch" */;
			buildPhases = (
				777109A023C7E5C600E3A469 /* Sources */,
				777109A123C7E5C600E3A469 /* Frameworks */,
				777109A223C7E5C600E3A469 /* Resources */,
			);
			buildRules = (
			);
			dependencies = (
			);
			name = MyStopWatch;
			productName = MyStopWatch;
			productReference = 777109A423C7E5C600E3A469 /* MyStopWatch.app */;
			productType = "com.apple.product-type.application";
		};
/* End PBXNativeTarget section */

/* Begin PBXProject section */
		7771099C23C7E5C600E3A469 /* Project object */ = {
			isa = PBXProject;
			attributes = {
				LastSwiftUpdateCheck = 1130;
				LastUpgradeCheck = 1130;
				ORGANIZATIONNAME = "Katsuya Terahata";
				TargetAttributes = {
					777109A323C7E5C600E3A469 = {
						CreatedOnToolsVersion = 11.3;
					};
				};
			};
			buildConfigurationList = 7771099F23C7E5C600E3A469 /* Build configuration list for PBXProject "MyStopWatch" */;
			compatibilityVersion = "Xcode 9.3";
			developmentRegion = en;
			hasScannedForEncodings = 0;
			knownRegions = (
				en,
				Base,
			);
			mainGroup = 7771099B23C7E5C600E3A469;
			productRefGroup = 777109A523C7E5C600E3A469 /* Products */;
			projectDirPath = "";
			projectRoot = "";
			targets = (
				777109A323C7E5C600E3A469 /* MyStopWatch */,
			);
		};
/* End PBXProject section */

/* Begin PBXResourcesBuildPhase section */
		777109A223C7E5C600E3A469 /* Resources */ = {
			isa = PBXResourcesBuildPhase;
			buildActionMask = 2147483647;
			files = (
				777109CA23C85E7400E3A469 /* alarm.mp3 in Resources */,
				777109B423C7E5C700E3A469 /* LaunchScreen.storyboard in Resources */,
				777109B123C7E5C700E3A469 /* Preview Assets.xcassets in Resources */,
				777109AE23C7E5C700E3A469 /* Assets.xcassets in Resources */,
			);
			runOnlyForDeploymentPostprocessing = 0;
		};
/* End PBXResourcesBuildPhase section */

/* Begin PBXSourcesBuildPhase section */
		777109A023C7E5C600E3A469 /* Sources */ = {
			isa = PBXSourcesBuildPhase;
			buildActionMask = 2147483647;
			files = (
				777109A823C7E5C600E3A469 /* AppDelegate.swift in Sources */,
				777109AA23C7E5C600E3A469 /* SceneDelegate.swift in Sources */,
				777109C223C7ED6000E3A469 /* WatchView.swift in Sources */,
				777109AC23C7E5C600E3A469 /* ContentView.swift in Sources */,
				777109BC23C7E61B00E3A469 /* StopWatch.swift in Sources */,
				777109C423C7F08D00E3A469 /* AlarmView.swift in Sources */,
			);
			runOnlyForDeploymentPostprocessing = 0;
		};
/* End PBXSourcesBuildPhase section */

/* Begin PBXVariantGroup section */
		777109B223C7E5C700E3A469 /* LaunchScreen.storyboard */ = {
			isa = PBXVariantGroup;
			children = (
				777109B323C7E5C700E3A469 /* Base */,
			);
			name = LaunchScreen.storyboard;
			sourceTree = "<group>";
		};
/* End PBXVariantGroup section */

/* Begin XCBuildConfiguration section */
		777109B623C7E5C700E3A469 /* Debug */ = {
			isa = XCBuildConfiguration;
			buildSettings = {
				ALWAYS_SEARCH_USER_PATHS = NO;
				CLANG_ANALYZER_NONNULL = YES;
				CLANG_ANALYZER_NUMBER_OBJECT_CONVERSION = YES_AGGRESSIVE;
				CLANG_CXX_LANGUAGE_STANDARD = "gnu++14";
				CLANG_CXX_LIBRARY = "libc++";
				CLANG_ENABLE_MODULES = YES;
				CLANG_ENABLE_OBJC_ARC = YES;
				CLANG_ENABLE_OBJC_WEAK = YES;
				CLANG_WARN_BLOCK_CAPTURE_AUTORELEASING = YES;
				CLANG_WARN_BOOL_CONVERSION = YES;
				CLANG_WARN_COMMA = YES;
				CLANG_WARN_CONSTANT_CONVERSION = YES;
				CLANG_WARN_DEPRECATED_OBJC_IMPLEMENTATIONS = YES;
				CLANG_WARN_DIRECT_OBJC_ISA_USAGE = YES_ERROR;
				CLANG_WARN_DOCUMENTATION_COMMENTS = YES;
				CLANG_WARN_EMPTY_BODY = YES;
				CLANG_WARN_ENUM_CONVERSION = YES;
				CLANG_WARN_INFINITE_RECURSION = YES;
				CLANG_WARN_INT_CONVERSION = YES;
				CLANG_WARN_NON_LITERAL_NULL_CONVERSION = YES;
				CLANG_WARN_OBJC_IMPLICIT_RETAIN_SELF = YES;
				CLANG_WARN_OBJC_LITERAL_CONVERSION = YES;
				CLANG_WARN_OBJC_ROOT_CLASS = YES_ERROR;
				CLANG_WARN_RANGE_LOOP_ANALYSIS = YES;
				CLANG_WARN_STRICT_PROTOTYPES = YES;
				CLANG_WARN_SUSPICIOUS_MOVE = YES;
				CLANG_WARN_UNGUARDED_AVAILABILITY = YES_AGGRESSIVE;
				CLANG_WARN_UNREACHABLE_CODE = YES;
				CLANG_WARN__DUPLICATE_METHOD_MATCH = YES;
				COPY_PHASE_STRIP = NO;
				DEBUG_INFORMATION_FORMAT = dwarf;
				ENABLE_STRICT_OBJC_MSGSEND = YES;
				ENABLE_TESTABILITY = YES;
				GCC_C_LANGUAGE_STANDARD = gnu11;
				GCC_DYNAMIC_NO_PIC = NO;
				GCC_NO_COMMON_BLOCKS = YES;
				GCC_OPTIMIZATION_LEVEL = 0;
				GCC_PREPROCESSOR_DEFINITIONS = (
					"DEBUG=1",
					"$(inherited)",
				);
				GCC_WARN_64_TO_32_BIT_CONVERSION = YES;
				GCC_WARN_ABOUT_RETURN_TYPE = YES_ERROR;
				GCC_WARN_UNDECLARED_SELECTOR = YES;
				GCC_WARN_UNINITIALIZED_AUTOS = YES_AGGRESSIVE;
				GCC_WARN_UNUSED_FUNCTION = YES;
				GCC_WARN_UNUSED_VARIABLE = YES;
				IPHONEOS_DEPLOYMENT_TARGET = 13.2;
				MTL_ENABLE_DEBUG_INFO = INCLUDE_SOURCE;
				MTL_FAST_MATH = YES;
				ONLY_ACTIVE_ARCH = YES;
				SDKROOT = iphoneos;
				SWIFT_ACTIVE_COMPILATION_CONDITIONS = DEBUG;
				SWIFT_OPTIMIZATION_LEVEL = "-Onone";
			};
			name = Debug;
		};
		777109B723C7E5C700E3A469 /* Release */ = {
			isa = XCBuildConfiguration;
			buildSettings = {
				ALWAYS_SEARCH_USER_PATHS = NO;
				CLANG_ANALYZER_NONNULL = YES;
				CLANG_ANALYZER_NUMBER_OBJECT_CONVERSION = YES_AGGRESSIVE;
				CLANG_CXX_LANGUAGE_STANDARD = "gnu++14";
				CLANG_CXX_LIBRARY = "libc++";
				CLANG_ENABLE_MODULES = YES;
				CLANG_ENABLE_OBJC_ARC = YES;
				CLANG_ENABLE_OBJC_WEAK = YES;
				CLANG_WARN_BLOCK_CAPTURE_AUTORELEASING = YES;
				CLANG_WARN_BOOL_CONVERSION = YES;
				CLANG_WARN_COMMA = YES;
				CLANG_WARN_CONSTANT_CONVERSION = YES;
				CLANG_WARN_DEPRECATED_OBJC_IMPLEMENTATIONS = YES;
				CLANG_WARN_DIRECT_OBJC_ISA_USAGE = YES_ERROR;
				CLANG_WARN_DOCUMENTATION_COMMENTS = YES;
				CLANG_WARN_EMPTY_BODY = YES;
				CLANG_WARN_ENUM_CONVERSION = YES;
				CLANG_WARN_INFINITE_RECURSION = YES;
				CLANG_WARN_INT_CONVERSION = YES;
				CLANG_WARN_NON_LITERAL_NULL_CONVERSION = YES;
				CLANG_WARN_OBJC_IMPLICIT_RETAIN_SELF = YES;
				CLANG_WARN_OBJC_LITERAL_CONVERSION = YES;
				CLANG_WARN_OBJC_ROOT_CLASS = YES_ERROR;
				CLANG_WARN_RANGE_LOOP_ANALYSIS = YES;
				CLANG_WARN_STRICT_PROTOTYPES = YES;
				CLANG_WARN_SUSPICIOUS_MOVE = YES;
				CLANG_WARN_UNGUARDED_AVAILABILITY = YES_AGGRESSIVE;
				CLANG_WARN_UNREACHABLE_CODE = YES;
				CLANG_WARN__DUPLICATE_METHOD_MATCH = YES;
				COPY_PHASE_STRIP = NO;
				DEBUG_INFORMATION_FORMAT = "dwarf-with-dsym";
				ENABLE_NS_ASSERTIONS = NO;
				ENABLE_STRICT_OBJC_MSGSEND = YES;
				GCC_C_LANGUAGE_STANDARD = gnu11;
				GCC_NO_COMMON_BLOCKS = YES;
				GCC_WARN_64_TO_32_BIT_CONVERSION = YES;
				GCC_WARN_ABOUT_RETURN_TYPE = YES_ERROR;
				GCC_WARN_UNDECLARED_SELECTOR = YES;
				GCC_WARN_UNINITIALIZED_AUTOS = YES_AGGRESSIVE;
				GCC_WARN_UNUSED_FUNCTION = YES;
				GCC_WARN_UNUSED_VARIABLE = YES;
				IPHONEOS_DEPLOYMENT_TARGET = 13.2;
				MTL_ENABLE_DEBUG_INFO = NO;
				MTL_FAST_MATH = YES;
				SDKROOT = iphoneos;
				SWIFT_COMPILATION_MODE = wholemodule;
				SWIFT_OPTIMIZATION_LEVEL = "-O";
				VALIDATE_PRODUCT = YES;
			};
			name = Release;
		};
		777109B923C7E5C700E3A469 /* Debug */ = {
			isa = XCBuildConfiguration;
			buildSettings = {
				ASSETCATALOG_COMPILER_APPICON_NAME = AppIcon;
				CODE_SIGN_STYLE = Automatic;
				DEVELOPMENT_ASSET_PATHS = "\"MyStopWatch/Preview Content\"";
				DEVELOPMENT_TEAM = 92PPQV3TJA;
				ENABLE_PREVIEWS = YES;
				INFOPLIST_FILE = MyStopWatch/Info.plist;
				LD_RUNPATH_SEARCH_PATHS = (
					"$(inherited)",
					"@executable_path/Frameworks",
				);
				PRODUCT_BUNDLE_IDENTIFIER = com.mensco.MyStopWatch;
				PRODUCT_NAME = "$(TARGET_NAME)";
				SWIFT_VERSION = 5.0;
				TARGETED_DEVICE_FAMILY = "1,2";
			};
			name = Debug;
		};
		777109BA23C7E5C700E3A469 /* Release */ = {
			isa = XCBuildConfiguration;
			buildSettings = {
				ASSETCATALOG_COMPILER_APPICON_NAME = AppIcon;
				CODE_SIGN_STYLE = Automatic;
				DEVELOPMENT_ASSET_PATHS = "\"MyStopWatch/Preview Content\"";
				DEVELOPMENT_TEAM = 92PPQV3TJA;
				ENABLE_PREVIEWS = YES;
				INFOPLIST_FILE = MyStopWatch/Info.plist;
				LD_RUNPATH_SEARCH_PATHS = (
					"$(inherited)",
					"@executable_path/Frameworks",
				);
				PRODUCT_BUNDLE_IDENTIFIER = com.mensco.MyStopWatch;
				PRODUCT_NAME = "$(TARGET_NAME)";
				SWIFT_VERSION = 5.0;
				TARGETED_DEVICE_FAMILY = "1,2";
			};
			name = Release;
		};
/* End XCBuildConfiguration section */

/* Begin XCConfigurationList section */
		7771099F23C7E5C600E3A469 /* Build configuration list for PBXProject "MyStopWatch" */ = {
			isa = XCConfigurationList;
			buildConfigurations = (
				777109B623C7E5C700E3A469 /* Debug */,
				777109B723C7E5C700E3A469 /* Release */,
			);
			defaultConfigurationIsVisible = 0;
			defaultConfigurationName = Release;
		};
		777109B823C7E5C700E3A469 /* Build configuration list for PBXNativeTarget "MyStopWatch" */ = {
			isa = XCConfigurationList;
			buildConfigurations = (
				777109B923C7E5C700E3A469 /* Debug */,
				777109BA23C7E5C700E3A469 /* Release */,
			);
			defaultConfigurationIsVisible = 0;
			defaultConfigurationName = Release;
		};
/* End XCConfigurationList section */
	};
	rootObject = 7771099C23C7E5C600E3A469 /* Project object */;
}
